
Microsoft Visual Studio Solution File, Format Version 12.00
# Visual Studio Version 16
VisualStudioVersion = 16.0.31613.86
MinimumVisualStudioVersion = 10.0.40219.1
Project("{FAE04EC0-301F-11D3-BF4B-00C04F79EFBC}") = "Movies.API", "Movies.API\Movies.API.csproj", "{DB34997C-B725-452B-8979-1241EE96FCEA}"
EndProject
Global
	GlobalSection(SolutionConfigurationPlatforms) = preSolution
		Debug|Any CPU = Debug|Any CPU
		Release|Any CPU = Release|Any CPU
	EndGlobalSection
	GlobalSection(ProjectConfigurationPlatforms) = postSolution
		{DB34997C-B725-452B-8979-1241EE96FCEA}.Debug|Any CPU.ActiveCfg = Debug|Any CPU
		{DB34997C-B725-452B-8979-1241EE96FCEA}.Debug|Any CPU.Build.0 = Debug|Any CPU
		{DB34997C-B725-452B-8979-1241EE96FCEA}.Release|Any CPU.ActiveCfg = Release|Any CPU
		{DB34997C-B725-452B-8979-1241EE96FCEA}.Release|Any CPU.Build.0 = Release|Any CPU
	EndGlobalSection
	GlobalSection(SolutionProperties) = preSolution
		HideSolutionNode = FALSE
	EndGlobalSection
	GlobalSection(ExtensibilityGlobals) = postSolution
		SolutionGuid = {D6EBB556-37CD-496C-BF4C-4943D17F54EB}
	EndGlobalSection
EndGlobal
